// !$*UTF8*$!
{
	archiveVersion = 1;
	classes = {
	};
	objectVersion = 46;
	objects = {

/* Begin PBXBuildFile section */
		7B4E9FF21BC411F500FF75B4 /* AppDelegate.swift in Sources */ = {isa = PBXBuildFile; fileRef = 7B4E9FF11BC411F500FF75B4 /* AppDelegate.swift */; };
		7B4E9FF41BC411F500FF75B4 /* ViewController.swift in Sources */ = {isa = PBXBuildFile; fileRef = 7B4E9FF31BC411F500FF75B4 /* ViewController.swift */; };
		7B4E9FF71BC411F500FF75B4 /* Main.storyboard in Resources */ = {isa = PBXBuildFile; fileRef = 7B4E9FF51BC411F500FF75B4 /* Main.storyboard */; };
		7B4E9FF91BC411F500FF75B4 /* Assets.xcassets in Resources */ = {isa = PBXBuildFile; fileRef = 7B4E9FF81BC411F500FF75B4 /* Assets.xcassets */; };
		7B4E9FFC1BC411F500FF75B4 /* LaunchScreen.storyboard in Resources */ = {isa = PBXBuildFile; fileRef = 7B4E9FFA1BC411F500FF75B4 /* LaunchScreen.storyboard */; };
		7B4EA0071BC411F500FF75B4 /* SudokuTests.swift in Sources */ = {isa = PBXBuildFile; fileRef = 7B4EA0061BC411F500FF75B4 /* SudokuTests.swift */; };
		7B4EA0121BC411F500FF75B4 /* SudokuUITests.swift in Sources */ = {isa = PBXBuildFile; fileRef = 7B4EA0111BC411F500FF75B4 /* SudokuUITests.swift */; };
/* End PBXBuildFile section */

/* Begin PBXContainerItemProxy section */
		7B4EA0031BC411F500FF75B4 /* PBXContainerItemProxy */ = {
			isa = PBXContainerItemProxy;
			containerPortal = 7B4E9FE61BC411F400FF75B4 /* Project object */;
			proxyType = 1;
			remoteGlobalIDString = 7B4E9FED1BC411F400FF75B4;
			remoteInfo = Sudoku;
		};
		7B4EA00E1BC411F500FF75B4 /* PBXContainerItemProxy */ = {
			isa = PBXContainerItemProxy;
			containerPortal = 7B4E9FE61BC411F400FF75B4 /* Project object */;
			proxyType = 1;
			remoteGlobalIDString = 7B4E9FED1BC411F400FF75B4;
			remoteInfo = Sudoku;
		};
/* End PBXContainerItemProxy section */

/* Begin PBXFileReference section */
		7B4E9FEE1BC411F400FF75B4 /* Sudoku.app */ = {isa = PBXFileReference; explicitFileType = wrapper.application; includeInIndex = 0; path = Sudoku.app; sourceTree = BUILT_PRODUCTS_DIR; };
		7B4E9FF11BC411F500FF75B4 /* AppDelegate.swift */ = {isa = PBXFileReference; lastKnownFileType = sourcecode.swift; path = AppDelegate.swift; sourceTree = "<group>"; };
		7B4E9FF31BC411F500FF75B4 /* ViewController.swift */ = {isa = PBXFileReference; lastKnownFileType = sourcecode.swift; path = ViewController.swift; sourceTree = "<group>"; };
		7B4E9FF61BC411F500FF75B4 /* Base */ = {isa = PBXFileReference; lastKnownFileType = file.storyboard; name = Base; path = Base.lproj/Main.storyboard; sourceTree = "<group>"; };
		7B4E9FF81BC411F500FF75B4 /* Assets.xcassets */ = {isa = PBXFileReference; lastKnownFileType = folder.assetcatalog; path = Assets.xcassets; sourceTree = "<group>"; };
		7B4E9FFB1BC411F500FF75B4 /* Base */ = {isa = PBXFileReference; lastKnownFileType = file.storyboard; name = Base; path = Base.lproj/LaunchScreen.storyboard; sourceTree = "<group>"; };
		7B4E9FFD1BC411F500FF75B4 /* Info.plist */ = {isa = PBXFileReference; lastKnownFileType = text.plist.xml; path = Info.plist; sourceTree = "<group>"; };
		7B4EA0021BC411F500FF75B4 /* SudokuTests.xctest */ = {isa = PBXFileReference; explicitFileType = wrapper.cfbundle; includeInIndex = 0; path = SudokuTests.xctest; sourceTree = BUILT_PRODUCTS_DIR; };
		7B4EA0061BC411F500FF75B4 /* SudokuTests.swift */ = {isa = PBXFileReference; lastKnownFileType = sourcecode.swift; path = SudokuTests.swift; sourceTree = "<group>"; };
		7B4EA0081BC411F500FF75B4 /* Info.plist */ = {isa = PBXFileReference; lastKnownFileType = text.plist.xml; path = Info.plist; sourceTree = "<group>"; };
		7B4EA00D1BC411F500FF75B4 /* SudokuUITests.xctest */ = {isa = PBXFileReference; explicitFileType = wrapper.cfbundle; includeInIndex = 0; path = SudokuUITests.xctest; sourceTree = BUILT_PRODUCTS_DIR; };
		7B4EA0111BC411F500FF75B4 /* SudokuUITests.swift */ = {isa = PBXFileReference; lastKnownFileType = sourcecode.swift; path = SudokuUITests.swift; sourceTree = "<group>"; };
		7B4EA0131BC411F500FF75B4 /* Info.plist */ = {isa = PBXFileReference; lastKnownFileType = text.plist.xml; path = Info.plist; sourceTree = "<group>"; };
/* End PBXFileReference section */

/* Begin PBXFrameworksBuildPhase section */
		7B4E9FEB1BC411F400FF75B4 /* Frameworks */ = {
			isa = PBXFrameworksBuildPhase;
			buildActionMask = 2147483647;
			files = (
			);
			runOnlyForDeploymentPostprocessing = 0;
		};
		7B4E9FFF1BC411F500FF75B4 /* Frameworks */ = {
			isa = PBXFrameworksBuildPhase;
			buildActionMask = 2147483647;
			files = (
			);
			runOnlyForDeploymentPostprocessing = 0;
		};
		7B4EA00A1BC411F500FF75B4 /* Frameworks */ = {
			isa = PBXFrameworksBuildPhase;
			buildActionMask = 2147483647;
			files = (
			);
			runOnlyForDeploymentPostprocessing = 0;
		};
/* End PBXFrameworksBuildPhase section */

/* Begin PBXGroup section */
		7B4E9FE51BC411F400FF75B4 = {
			isa = PBXGroup;
			children = (
				7B4E9FF01BC411F500FF75B4 /* Sudoku */,
				7B4EA0051BC411F500FF75B4 /* SudokuTests */,
				7B4EA0101BC411F500FF75B4 /* SudokuUITests */,
				7B4E9FEF1BC411F400FF75B4 /* Products */,
			);
			sourceTree = "<group>";
		};
		7B4E9FEF1BC411F400FF75B4 /* Products */ = {
			isa = PBXGroup;
			children = (
				7B4E9FEE1BC411F400FF75B4 /* Sudoku.app */,
				7B4EA0021BC411F500FF75B4 /* SudokuTests.xctest */,
				7B4EA00D1BC411F500FF75B4 /* SudokuUITests.xctest */,
			);
			name = Products;
			sourceTree = "<group>";
		};
		7B4E9FF01BC411F500FF75B4 /* Sudoku */ = {
			isa = PBXGroup;
			children = (
				7B4E9FF11BC411F500FF75B4 /* AppDelegate.swift */,
				7B4E9FF31BC411F500FF75B4 /* ViewController.swift */,
				7B4E9FF51BC411F500FF75B4 /* Main.storyboard */,
				7B4E9FF81BC411F500FF75B4 /* Assets.xcassets */,
				7B4E9FFA1BC411F500FF75B4 /* LaunchScreen.storyboard */,
				7B4E9FFD1BC411F500FF75B4 /* Info.plist */,
			);
			path = Sudoku;
			sourceTree = "<group>";
		};
		7B4EA0051BC411F500FF75B4 /* SudokuTests */ = {
			isa = PBXGroup;
			children = (
				7B4EA0061BC411F500FF75B4 /* SudokuTests.swift */,
				7B4EA0081BC411F500FF75B4 /* Info.plist */,
			);
			path = SudokuTests;
			sourceTree = "<group>";
		};
		7B4EA0101BC411F500FF75B4 /* SudokuUITests */ = {
			isa = PBXGroup;
			children = (
				7B4EA0111BC411F500FF75B4 /* SudokuUITests.swift */,
				7B4EA0131BC411F500FF75B4 /* Info.plist */,
			);
			path = SudokuUITests;
			sourceTree = "<group>";
		};
/* End PBXGroup section */

/* Begin PBXNativeTarget section */
		7B4E9FED1BC411F400FF75B4 /* Sudoku */ = {
			isa = PBXNativeTarget;
			buildConfigurationList = 7B4EA0161BC411F500FF75B4 /* Build configuration list for PBXNativeTarget "Sudoku" */;
			buildPhases = (
				7B4E9FEA1BC411F400FF75B4 /* Sources */,
				7B4E9FEB1BC411F400FF75B4 /* Frameworks */,
				7B4E9FEC1BC411F400FF75B4 /* Resources */,
			);
			buildRules = (
			);
			dependencies = (
			);
			name = Sudoku;
			productName = Sudoku;
			productReference = 7B4E9FEE1BC411F400FF75B4 /* Sudoku.app */;
			productType = "com.apple.product-type.application";
		};
		7B4EA0011BC411F500FF75B4 /* SudokuTests */ = {
			isa = PBXNativeTarget;
			buildConfigurationList = 7B4EA0191BC411F500FF75B4 /* Build configuration list for PBXNativeTarget "SudokuTests" */;
			buildPhases = (
				7B4E9FFE1BC411F500FF75B4 /* Sources */,
				7B4E9FFF1BC411F500FF75B4 /* Frameworks */,
				7B4EA0001BC411F500FF75B4 /* Resources */,
			);
			buildRules = (
			);
			dependencies = (
				7B4EA0041BC411F500FF75B4 /* PBXTargetDependency */,
			);
			name = SudokuTests;
			productName = SudokuTests;
			productReference = 7B4EA0021BC411F500FF75B4 /* SudokuTests.xctest */;
			productType = "com.apple.product-type.bundle.unit-test";
		};
		7B4EA00C1BC411F500FF75B4 /* SudokuUITests */ = {
			isa = PBXNativeTarget;
			buildConfigurationList = 7B4EA01C1BC411F500FF75B4 /* Build configuration list for PBXNativeTarget "SudokuUITests" */;
			buildPhases = (
				7B4EA0091BC411F500FF75B4 /* Sources */,
				7B4EA00A1BC411F500FF75B4 /* Frameworks */,
				7B4EA00B1BC411F500FF75B4 /* Resources */,
			);
			buildRules = (
			);
			dependencies = (
				7B4EA00F1BC411F500FF75B4 /* PBXTargetDependency */,
			);
			name = SudokuUITests;
			productName = SudokuUITests;
			productReference = 7B4EA00D1BC411F500FF75B4 /* SudokuUITests.xctest */;
			productType = "com.apple.product-type.bundle.ui-testing";
		};
/* End PBXNativeTarget section */

/* Begin PBXProject section */
		7B4E9FE61BC411F400FF75B4 /* Project object */ = {
			isa = PBXProject;
			attributes = {
				LastUpgradeCheck = 0700;
				ORGANIZATIONNAME = "Kristen Sundquist";
				TargetAttributes = {
					7B4E9FED1BC411F400FF75B4 = {
						CreatedOnToolsVersion = 7.0.1;
					};
					7B4EA0011BC411F500FF75B4 = {
						CreatedOnToolsVersion = 7.0.1;
						TestTargetID = 7B4E9FED1BC411F400FF75B4;
					};
					7B4EA00C1BC411F500FF75B4 = {
						CreatedOnToolsVersion = 7.0.1;
						TestTargetID = 7B4E9FED1BC411F400FF75B4;
					};
				};
			};
			buildConfigurationList = 7B4E9FE91BC411F400FF75B4 /* Build configuration list for PBXProject "Sudoku" */;
			compatibilityVersion = "Xcode 3.2";
			developmentRegion = English;
			hasScannedForEncodings = 0;
			knownRegions = (
				en,
				Base,
			);
			mainGroup = 7B4E9FE51BC411F400FF75B4;
			productRefGroup = 7B4E9FEF1BC411F400FF75B4 /* Products */;
			projectDirPath = "";
			projectRoot = "";
			targets = (
				7B4E9FED1BC411F400FF75B4 /* Sudoku */,
				7B4EA0011BC411F500FF75B4 /* SudokuTests */,
				7B4EA00C1BC411F500FF75B4 /* SudokuUITests */,
			);
		};
/* End PBXProject section */

/* Begin PBXResourcesBuildPhase section */
		7B4E9FEC1BC411F400FF75B4 /* Resources */ = {
			isa = PBXResourcesBuildPhase;
			buildActionMask = 2147483647;
			files = (
				7B4E9FFC1BC411F500FF75B4 /* LaunchScreen.storyboard in Resources */,
				7B4E9FF91BC411F500FF75B4 /* Assets.xcassets in Resources */,
				7B4E9FF71BC411F500FF75B4 /* Main.storyboard in Resources */,
			);
			runOnlyForDeploymentPostprocessing = 0;
		};
		7B4EA0001BC411F500FF75B4 /* Resources */ = {
			isa = PBXResourcesBuildPhase;
			buildActionMask = 2147483647;
			files = (
			);
			runOnlyForDeploymentPostprocessing = 0;
		};
		7B4EA00B1BC411F500FF75B4 /* Resources */ = {
			isa = PBXResourcesBuildPhase;
			buildActionMask = 2147483647;
			files = (
			);
			runOnlyForDeploymentPostprocessing = 0;
		};
/* End PBXResourcesBuildPhase section */

/* Begin PBXSourcesBuildPhase section */
		7B4E9FEA1BC411F400FF75B4 /* Sources */ = {
			isa = PBXSourcesBuildPhase;
			buildActionMask = 2147483647;
			files = (
				7B4E9FF41BC411F500FF75B4 /* ViewController.swift in Sources */,
				7B4E9FF21BC411F500FF75B4 /* AppDelegate.swift in Sources */,
			);
			runOnlyForDeploymentPostprocessing = 0;
		};
		7B4E9FFE1BC411F500FF75B4 /* Sources */ = {
			isa = PBXSourcesBuildPhase;
			buildActionMask = 2147483647;
			files = (
				7B4EA0071BC411F500FF75B4 /* SudokuTests.swift in Sources */,
			);
			runOnlyForDeploymentPostprocessing = 0;
		};
		7B4EA0091BC411F500FF75B4 /* Sources */ = {
			isa = PBXSourcesBuildPhase;
			buildActionMask = 2147483647;
			files = (
				7B4EA0121BC411F500FF75B4 /* SudokuUITests.swift in Sources */,
			);
			runOnlyForDeploymentPostprocessing = 0;
		};
/* End PBXSourcesBuildPhase section */

/* Begin PBXTargetDependency section */
		7B4EA0041BC411F500FF75B4 /* PBXTargetDependency */ = {
			isa = PBXTargetDependency;
			target = 7B4E9FED1BC411F400FF75B4 /* Sudoku */;
			targetProxy = 7B4EA0031BC411F500FF75B4 /* PBXContainerItemProxy */;
		};
		7B4EA00F1BC411F500FF75B4 /* PBXTargetDependency */ = {
			isa = PBXTargetDependency;
			target = 7B4E9FED1BC411F400FF75B4 /* Sudoku */;
			targetProxy = 7B4EA00E1BC411F500FF75B4 /* PBXContainerItemProxy */;
		};
/* End PBXTargetDependency section */

/* Begin PBXVariantGroup section */
		7B4E9FF51BC411F500FF75B4 /* Main.storyboard */ = {
			isa = PBXVariantGroup;
			children = (
				7B4E9FF61BC411F500FF75B4 /* Base */,
			);
			name = Main.storyboard;
			sourceTree = "<group>";
		};
		7B4E9FFA1BC411F500FF75B4 /* LaunchScreen.storyboard */ = {
			isa = PBXVariantGroup;
			children = (
				7B4E9FFB1BC411F500FF75B4 /* Base */,
			);
			name = LaunchScreen.storyboard;
			sourceTree = "<group>";
		};
/* End PBXVariantGroup section */

/* Begin XCBuildConfiguration section */
		7B4EA0141BC411F500FF75B4 /* Debug */ = {
			isa = XCBuildConfiguration;
			buildSettings = {
				ALWAYS_SEARCH_USER_PATHS = NO;
				CLANG_CXX_LANGUAGE_STANDARD = "gnu++0x";
				CLANG_CXX_LIBRARY = "libc++";
				CLANG_ENABLE_MODULES = YES;
				CLANG_ENABLE_OBJC_ARC = YES;
				CLANG_WARN_BOOL_CONVERSION = YES;
				CLANG_WARN_CONSTANT_CONVERSION = YES;
				CLANG_WARN_DIRECT_OBJC_ISA_USAGE = YES_ERROR;
				CLANG_WARN_EMPTY_BODY = YES;
				CLANG_WARN_ENUM_CONVERSION = YES;
				CLANG_WARN_INT_CONVERSION = YES;
				CLANG_WARN_OBJC_ROOT_CLASS = YES_ERROR;
				CLANG_WARN_UNREACHABLE_CODE = YES;
				CLANG_WARN__DUPLICATE_METHOD_MATCH = YES;
				"CODE_SIGN_IDENTITY[sdk=iphoneos*]" = "iPhone Developer";
				COPY_PHASE_STRIP = NO;
				DEBUG_INFORMATION_FORMAT = dwarf;
				ENABLE_STRICT_OBJC_MSGSEND = YES;
				ENABLE_TESTABILITY = YES;
				GCC_C_LANGUAGE_STANDARD = gnu99;
				GCC_DYNAMIC_NO_PIC = NO;
				GCC_NO_COMMON_BLOCKS = YES;
				GCC_OPTIMIZATION_LEVEL = 0;
				GCC_PREPROCESSOR_DEFINITIONS = (
					"DEBUG=1",
					"$(inherited)",
				);
				GCC_WARN_64_TO_32_BIT_CONVERSION = YES;
				GCC_WARN_ABOUT_RETURN_TYPE = YES_ERROR;
				GCC_WARN_UNDECLARED_SELECTOR = YES;
				GCC_WARN_UNINITIALIZED_AUTOS = YES_AGGRESSIVE;
				GCC_WARN_UNUSED_FUNCTION = YES;
				GCC_WARN_UNUSED_VARIABLE = YES;
				IPHONEOS_DEPLOYMENT_TARGET = 9.0;
				MTL_ENABLE_DEBUG_INFO = YES;
				ONLY_ACTIVE_ARCH = YES;
				SDKROOT = iphoneos;
				SWIFT_OPTIMIZATION_LEVEL = "-Onone";
			};
			name = Debug;
		};
		7B4EA0151BC411F500FF75B4 /* Release */ = {
			isa = XCBuildConfiguration;
			buildSettings = {
				ALWAYS_SEARCH_USER_PATHS = NO;
				CLANG_CXX_LANGUAGE_STANDARD = "gnu++0x";
				CLANG_CXX_LIBRARY = "libc++";
				CLANG_ENABLE_MODULES = YES;
				CLANG_ENABLE_OBJC_ARC = YES;
				CLANG_WARN_BOOL_CONVERSION = YES;
				CLANG_WARN_CONSTANT_CONVERSION = YES;
				CLANG_WARN_DIRECT_OBJC_ISA_USAGE = YES_ERROR;
				CLANG_WARN_EMPTY_BODY = YES;
				CLANG_WARN_ENUM_CONVERSION = YES;
				CLANG_WARN_INT_CONVERSION = YES;
				CLANG_WARN_OBJC_ROOT_CLASS = YES_ERROR;
				CLANG_WARN_UNREACHABLE_CODE = YES;
				CLANG_WARN__DUPLICATE_METHOD_MATCH = YES;
				"CODE_SIGN_IDENTITY[sdk=iphoneos*]" = "iPhone Developer";
				COPY_PHASE_STRIP = NO;
				DEBUG_INFORMATION_FORMAT = "dwarf-with-dsym";
				ENABLE_NS_ASSERTIONS = NO;
				ENABLE_STRICT_OBJC_MSGSEND = YES;
				GCC_C_LANGUAGE_STANDARD = gnu99;
				GCC_NO_COMMON_BLOCKS = YES;
				GCC_WARN_64_TO_32_BIT_CONVERSION = YES;
				GCC_WARN_ABOUT_RETURN_TYPE = YES_ERROR;
				GCC_WARN_UNDECLARED_SELECTOR = YES;
				GCC_WARN_UNINITIALIZED_AUTOS = YES_AGGRESSIVE;
				GCC_WARN_UNUSED_FUNCTION = YES;
				GCC_WARN_UNUSED_VARIABLE = YES;
				IPHONEOS_DEPLOYMENT_TARGET = 9.0;
				MTL_ENABLE_DEBUG_INFO = NO;
				SDKROOT = iphoneos;
				VALIDATE_PRODUCT = YES;
			};
			name = Release;
		};
		7B4EA0171BC411F500FF75B4 /* Debug */ = {
			isa = XCBuildConfiguration;
			buildSettings = {
				ASSETCATALOG_COMPILER_APPICON_NAME = AppIcon;
				INFOPLIST_FILE = Sudoku/Info.plist;
				LD_RUNPATH_SEARCH_PATHS = "$(inherited) @executable_path/Frameworks";
				PRODUCT_BUNDLE_IDENTIFIER = com.kssundquist.Sudoku;
				PRODUCT_NAME = "$(TARGET_NAME)";
			};
			name = Debug;
		};
		7B4EA0181BC411F500FF75B4 /* Release */ = {
			isa = XCBuildConfiguration;
			buildSettings = {
				ASSETCATALOG_COMPILER_APPICON_NAME = AppIcon;
				INFOPLIST_FILE = Sudoku/Info.plist;
				LD_RUNPATH_SEARCH_PATHS = "$(inherited) @executable_path/Frameworks";
				PRODUCT_BUNDLE_IDENTIFIER = com.kssundquist.Sudoku;
				PRODUCT_NAME = "$(TARGET_NAME)";
			};
			name = Release;
		};
		7B4EA01A1BC411F500FF75B4 /* Debug */ = {
			isa = XCBuildConfiguration;
			buildSettings = {
				BUNDLE_LOADER = "$(TEST_HOST)";
				INFOPLIST_FILE = SudokuTests/Info.plist;
				LD_RUNPATH_SEARCH_PATHS = "$(inherited) @executable_path/Frameworks @loader_path/Frameworks";
				PRODUCT_BUNDLE_IDENTIFIER = com.kssundquist.SudokuTests;
				PRODUCT_NAME = "$(TARGET_NAME)";
				TEST_HOST = "$(BUILT_PRODUCTS_DIR)/Sudoku.app/Sudoku";
			};
			name = Debug;
		};
		7B4EA01B1BC411F500FF75B4 /* Release */ = {
			isa = XCBuildConfiguration;
			buildSettings = {
				BUNDLE_LOADER = "$(TEST_HOST)";
				INFOPLIST_FILE = SudokuTests/Info.plist;
				LD_RUNPATH_SEARCH_PATHS = "$(inherited) @executable_path/Frameworks @loader_path/Frameworks";
				PRODUCT_BUNDLE_IDENTIFIER = com.kssundquist.SudokuTests;
				PRODUCT_NAME = "$(TARGET_NAME)";
				TEST_HOST = "$(BUILT_PRODUCTS_DIR)/Sudoku.app/Sudoku";
			};
			name = Release;
		};
		7B4EA01D1BC411F500FF75B4 /* Debug */ = {
			isa = XCBuildConfiguration;
			buildSettings = {
				INFOPLIST_FILE = SudokuUITests/Info.plist;
				LD_RUNPATH_SEARCH_PATHS = "$(inherited) @executable_path/Frameworks @loader_path/Frameworks";
				PRODUCT_BUNDLE_IDENTIFIER = com.kssundquist.SudokuUITests;
				PRODUCT_NAME = "$(TARGET_NAME)";
				TEST_TARGET_NAME = Sudoku;
				USES_XCTRUNNER = YES;
			};
			name = Debug;
		};
		7B4EA01E1BC411F500FF75B4 /* Release */ = {
			isa = XCBuildConfiguration;
			buildSettings = {
				INFOPLIST_FILE = SudokuUITests/Info.plist;
				LD_RUNPATH_SEARCH_PATHS = "$(inherited) @executable_path/Frameworks @loader_path/Frameworks";
				PRODUCT_BUNDLE_IDENTIFIER = com.kssundquist.SudokuUITests;
				PRODUCT_NAME = "$(TARGET_NAME)";
				TEST_TARGET_NAME = Sudoku;
				USES_XCTRUNNER = YES;
			};
			name = Release;
		};
/* End XCBuildConfiguration section */

/* Begin XCConfigurationList section */
		7B4E9FE91BC411F400FF75B4 /* Build configuration list for PBXProject "Sudoku" */ = {
			isa = XCConfigurationList;
			buildConfigurations = (
				7B4EA0141BC411F500FF75B4 /* Debug */,
				7B4EA0151BC411F500FF75B4 /* Release */,
			);
			defaultConfigurationIsVisible = 0;
			defaultConfigurationName = Release;
		};
		7B4EA0161BC411F500FF75B4 /* Build configuration list for PBXNativeTarget "Sudoku" */ = {
			isa = XCConfigurationList;
			buildConfigurations = (
				7B4EA0171BC411F500FF75B4 /* Debug */,
				7B4EA0181BC411F500FF75B4 /* Release */,
			);
			defaultConfigurationIsVisible = 0;
		};
		7B4EA0191BC411F500FF75B4 /* Build configuration list for PBXNativeTarget "SudokuTests" */ = {
			isa = XCConfigurationList;
			buildConfigurations = (
				7B4EA01A1BC411F500FF75B4 /* Debug */,
				7B4EA01B1BC411F500FF75B4 /* Release */,
			);
			defaultConfigurationIsVisible = 0;
		};
		7B4EA01C1BC411F500FF75B4 /* Build configuration list for PBXNativeTarget "SudokuUITests" */ = {
			isa = XCConfigurationList;
			buildConfigurations = (
				7B4EA01D1BC411F500FF75B4 /* Debug */,
				7B4EA01E1BC411F500FF75B4 /* Release */,
			);
			defaultConfigurationIsVisible = 0;
		};
/* End XCConfigurationList section */
	};
	rootObject = 7B4E9FE61BC411F400FF75B4 /* Project object */;
}
